
Microsoft Visual Studio Solution File, Format Version 12.00
# Visual Studio Version 17
VisualStudioVersion = 17.13.35913.81
MinimumVisualStudioVersion = 10.0.40219.1
Project("{2150E333-8FDC-42A3-9474-1A3956D46DE8}") = "SolutionItems", "SolutionItems", "{91E5AD39-7402-4D0A-BB0F-9B21C48283F9}"
	ProjectSection(SolutionItems) = preProject
		.gitignore = .gitignore
		Directory.Build.props = Directory.Build.props
		Directory.Packages.props = Directory.Packages.props
		LICENSE = LICENSE
		images\logo.png = images\logo.png
		README.md = README.md
		.editorconfig = .editorconfig
	EndProjectSection
EndProject
Project("{2150E333-8FDC-42A3-9474-1A3956D46DE8}") = "AliFlux", "AliFlux", "{524E5240-2A32-4B31-8329-A6A3CB0ADC5F}"
EndProject
Project("{2150E333-8FDC-42A3-9474-1A3956D46DE8}") = "Renderers", "Renderers", "{E18861F9-FDA0-45AE-92FD-CA6FB4A02E36}"
EndProject
Project("{FAE04EC0-301F-11D3-BF4B-00C04F79EFBC}") = "VexTile.Renderers.Mvt.AliFlux.Tests", "tests\VexTile.Renderers.Mvt.AliFlux.Tests\VexTile.Renderers.Mvt.AliFlux.Tests.csproj", "{B1E58241-A026-4DF9-8EC6-7613CC309591}"
EndProject
Project("{FAE04EC0-301F-11D3-BF4B-00C04F79EFBC}") = "VexTile.Renderer.Mvt.AliFlux", "source\AliFlux\VexTile.Renderers.Mvt.AliFlux\VexTile.Renderer.Mvt.AliFlux.csproj", "{8581D51C-7311-41B0-A2C2-AE479F0844AF}"
EndProject
Project("{2150E333-8FDC-42A3-9474-1A3956D46DE8}") = "Mapping", "Mapping", "{B93F42B4-7405-402D-BE86-0940BD932412}"
EndProject
Project("{FAE04EC0-301F-11D3-BF4B-00C04F79EFBC}") = "VexTile.MbTiles.Mvt", "source\Mapping\VexTile.MbTiles.Mvt\VexTile.MbTiles.Mvt.csproj", "{8F525597-1FBA-476F-8FB7-70397910C126}"
EndProject
Project("{FAE04EC0-301F-11D3-BF4B-00C04F79EFBC}") = "VexTile.Common", "source\VexTile.Common\VexTile.Common.csproj", "{802FCE68-9F38-4140-B7B2-FE41B8866888}"
EndProject
Project("{2150E333-8FDC-42A3-9474-1A3956D46DE8}") = "tiles", "tiles", "{7F818319-AA94-4F81-B0F4-68A5D161228C}"
	ProjectSection(SolutionItems) = preProject
		tiles\newyork-mapbox.pbf = tiles\newyork-mapbox.pbf
		tiles\zurich.mbtiles = tiles\zurich.mbtiles
	EndProjectSection
EndProject
Project("{2150E333-8FDC-42A3-9474-1A3956D46DE8}") = "Sources", "Sources", "{02EA681E-C7D8-13C7-8484-4AC65E1B71E8}"
EndProject
Project("{2150E333-8FDC-42A3-9474-1A3956D46DE8}") = "Tests", "Tests", "{60740B31-4437-4B25-B266-E08E9CB793C2}"
EndProject
Project("{2150E333-8FDC-42A3-9474-1A3956D46DE8}") = "Converters", "Converters", "{3DC520CC-855B-46B8-9679-752FA2F6A9AA}"
EndProject
Project("{FAE04EC0-301F-11D3-BF4B-00C04F79EFBC}") = "VexTile.DataSources.Tests", "tests\VexTile.DataSources.Tests\VexTile.DataSources.Tests.csproj", "{A80B8953-B2DB-6562-9097-A701508C1416}"
EndProject
Project("{2150E333-8FDC-42A3-9474-1A3956D46DE8}") = "Benchmarks", "Benchmarks", "{0FC1822F-7178-4AB2-9ECA-95A023A63A46}"
EndProject
Project("{FAE04EC0-301F-11D3-BF4B-00C04F79EFBC}") = "VexTile.TileDataSource", "source\DataSources\VexTile.DataSource.MBTilesSQLite\VexTile.TileDataSource.csproj", "{6DF0537C-8901-26A3-F93D-A50AFD62B83E}"
EndProject
Project("{FAE04EC0-301F-11D3-BF4B-00C04F79EFBC}") = "VexTile.TileConverter.Mapbox", "source\converters\VexTile.Converter.Mapbox\VexTile.TileConverter.Mapbox.csproj", "{5873DF06-BBA7-B7B0-4103-F26E96428737}"
EndProject
Project("{FAE04EC0-301F-11D3-BF4B-00C04F79EFBC}") = "VexTile.Converters.Tests", "tests\VexTile.Converters.Tests\VexTile.Converters.Tests.csproj", "{2371704E-ABF8-9354-A4E6-438A74AD734D}"
EndProject
Project("{2150E333-8FDC-42A3-9474-1A3956D46DE8}") = "Styles", "Styles", "{1E286862-A454-4628-A7FC-68D369592C08}"
EndProject
Project("{FAE04EC0-301F-11D3-BF4B-00C04F79EFBC}") = "VexTile.Style.Mapbox", "source\Styles\VexTile.Style.Mapbox\VexTile.Style.Mapbox.csproj", "{AFB87CA1-C6F6-E60B-46CA-43A5FE94F623}"
EndProject
Project("{FAE04EC0-301F-11D3-BF4B-00C04F79EFBC}") = "VexTile.Styles.MapboxTests", "tests\VexTile.Styles.MapboxTests\VexTile.Styles.MapboxTests.csproj", "{48289251-046A-45A0-9573-AF3E447379A6}"
EndProject
Project("{FAE04EC0-301F-11D3-BF4B-00C04F79EFBC}") = "VexTile.Renderer.Picture", "source\renderers\VexTile.Renderer.Bitmap\VexTile.Renderer.Picture.csproj", "{A6F8EBB8-E32A-4158-88D6-4BDEA82942EB}"
EndProject
Project("{FAE04EC0-301F-11D3-BF4B-00C04F79EFBC}") = "VexTile.Renderer.Mapbox", "source\renderers\VexTile.Renderer.Mapbox\VexTile.Renderer.Mapbox.csproj", "{C6A33F35-CBD6-4276-B4C9-E20AA17A715A}"
EndProject
Project("{FAE04EC0-301F-11D3-BF4B-00C04F79EFBC}") = "VexTile.Renderer.Common", "source\renderers\VexTile.Renderer.Common\VexTile.Renderer.Common.csproj", "{A8404487-BF54-4FC0-BFB7-3CDD100586B0}"
EndProject
Project("{FAE04EC0-301F-11D3-BF4B-00C04F79EFBC}") = "VexTile.ByteDataSource", "source\datasources\VexTile.DataSource.Basic\VexTile.ByteDataSource.csproj", "{2B488418-0AF7-4DE4-9A8B-B43861EBB025}"
EndProject
Project("{FAE04EC0-301F-11D3-BF4B-00C04F79EFBC}") = "VexTile.Benchmarks", "benchmarks\VexTile.Benchmarks\VexTile.Benchmarks.csproj", "{B5D6BB76-411C-3083-4D98-A15970257B17}"
EndProject
Project("{2150E333-8FDC-42A3-9474-1A3956D46DE8}") = "Submodules", "Submodules", "{7334CF3C-8C38-431E-BE9B-1CAE648F60EB}"
EndProject
Project("{FAE04EC0-301F-11D3-BF4B-00C04F79EFBC}") = "NetTopologySuite.IO.VectorTiles.Mapbox", "submodules\NetTopologySuite.IO.VectorTiles\src\NetTopologySuite.IO.VectorTiles.Mapbox\NetTopologySuite.IO.VectorTiles.Mapbox.csproj", "{91F057F9-E866-4E88-9FE1-D1D1F770A306}"
EndProject
Project("{FAE04EC0-301F-11D3-BF4B-00C04F79EFBC}") = "NetTopologySuite.IO.VectorTiles", "submodules\NetTopologySuite.IO.VectorTiles\src\NetTopologySuite.IO.VectorTiles\NetTopologySuite.IO.VectorTiles.csproj", "{09CA92CA-D0C6-4EC2-A821-A37AA2D05F52}"
EndProject
Project("{2150E333-8FDC-42A3-9474-1A3956D46DE8}") = "NtsRenderer", "NtsRenderer", "{3ED7110A-2581-44CD-A215-9DE33593D0C8}"
EndProject
Project("{2150E333-8FDC-42A3-9474-1A3956D46DE8}") = "NtsRenderer", "NtsRenderer", "{4DFFDB6B-9505-4033-BBD6-09521229BF85}"
EndProject
Project("{2150E333-8FDC-42A3-9474-1A3956D46DE8}") = "AliFlux", "AliFlux", "{2AABCFF9-7539-40F5-B562-BBCF76E57E6B}"
EndProject
Global
	GlobalSection(SolutionConfigurationPlatforms) = preSolution
		Debug|Any CPU = Debug|Any CPU
		Release|Any CPU = Release|Any CPU
	EndGlobalSection
	GlobalSection(ProjectConfigurationPlatforms) = postSolution
		{B1E58241-A026-4DF9-8EC6-7613CC309591}.Debug|Any CPU.ActiveCfg = Debug|Any CPU
		{B1E58241-A026-4DF9-8EC6-7613CC309591}.Debug|Any CPU.Build.0 = Debug|Any CPU
		{B1E58241-A026-4DF9-8EC6-7613CC309591}.Release|Any CPU.ActiveCfg = Release|Any CPU
		{B1E58241-A026-4DF9-8EC6-7613CC309591}.Release|Any CPU.Build.0 = Release|Any CPU
		{8581D51C-7311-41B0-A2C2-AE479F0844AF}.Debug|Any CPU.ActiveCfg = Debug|Any CPU
		{8581D51C-7311-41B0-A2C2-AE479F0844AF}.Debug|Any CPU.Build.0 = Debug|Any CPU
		{8581D51C-7311-41B0-A2C2-AE479F0844AF}.Release|Any CPU.ActiveCfg = Release|Any CPU
		{8581D51C-7311-41B0-A2C2-AE479F0844AF}.Release|Any CPU.Build.0 = Release|Any CPU
		{8F525597-1FBA-476F-8FB7-70397910C126}.Debug|Any CPU.ActiveCfg = Debug|Any CPU
		{8F525597-1FBA-476F-8FB7-70397910C126}.Debug|Any CPU.Build.0 = Debug|Any CPU
		{8F525597-1FBA-476F-8FB7-70397910C126}.Release|Any CPU.ActiveCfg = Release|Any CPU
		{8F525597-1FBA-476F-8FB7-70397910C126}.Release|Any CPU.Build.0 = Release|Any CPU
		{802FCE68-9F38-4140-B7B2-FE41B8866888}.Debug|Any CPU.ActiveCfg = Debug|Any CPU
		{802FCE68-9F38-4140-B7B2-FE41B8866888}.Debug|Any CPU.Build.0 = Debug|Any CPU
		{802FCE68-9F38-4140-B7B2-FE41B8866888}.Release|Any CPU.ActiveCfg = Release|Any CPU
		{802FCE68-9F38-4140-B7B2-FE41B8866888}.Release|Any CPU.Build.0 = Release|Any CPU
		{A80B8953-B2DB-6562-9097-A701508C1416}.Debug|Any CPU.ActiveCfg = Debug|Any CPU
		{A80B8953-B2DB-6562-9097-A701508C1416}.Debug|Any CPU.Build.0 = Debug|Any CPU
		{A80B8953-B2DB-6562-9097-A701508C1416}.Release|Any CPU.ActiveCfg = Release|Any CPU
		{A80B8953-B2DB-6562-9097-A701508C1416}.Release|Any CPU.Build.0 = Release|Any CPU
		{6DF0537C-8901-26A3-F93D-A50AFD62B83E}.Debug|Any CPU.ActiveCfg = Debug|Any CPU
		{6DF0537C-8901-26A3-F93D-A50AFD62B83E}.Debug|Any CPU.Build.0 = Debug|Any CPU
		{6DF0537C-8901-26A3-F93D-A50AFD62B83E}.Release|Any CPU.ActiveCfg = Release|Any CPU
		{6DF0537C-8901-26A3-F93D-A50AFD62B83E}.Release|Any CPU.Build.0 = Release|Any CPU
		{5873DF06-BBA7-B7B0-4103-F26E96428737}.Debug|Any CPU.ActiveCfg = Debug|Any CPU
		{5873DF06-BBA7-B7B0-4103-F26E96428737}.Debug|Any CPU.Build.0 = Debug|Any CPU
		{5873DF06-BBA7-B7B0-4103-F26E96428737}.Release|Any CPU.ActiveCfg = Release|Any CPU
		{5873DF06-BBA7-B7B0-4103-F26E96428737}.Release|Any CPU.Build.0 = Release|Any CPU
		{2371704E-ABF8-9354-A4E6-438A74AD734D}.Debug|Any CPU.ActiveCfg = Debug|Any CPU
		{2371704E-ABF8-9354-A4E6-438A74AD734D}.Debug|Any CPU.Build.0 = Debug|Any CPU
		{2371704E-ABF8-9354-A4E6-438A74AD734D}.Release|Any CPU.ActiveCfg = Release|Any CPU
		{2371704E-ABF8-9354-A4E6-438A74AD734D}.Release|Any CPU.Build.0 = Release|Any CPU
		{AFB87CA1-C6F6-E60B-46CA-43A5FE94F623}.Debug|Any CPU.ActiveCfg = Debug|Any CPU
		{AFB87CA1-C6F6-E60B-46CA-43A5FE94F623}.Debug|Any CPU.Build.0 = Debug|Any CPU
		{AFB87CA1-C6F6-E60B-46CA-43A5FE94F623}.Release|Any CPU.ActiveCfg = Release|Any CPU
		{AFB87CA1-C6F6-E60B-46CA-43A5FE94F623}.Release|Any CPU.Build.0 = Release|Any CPU
		{48289251-046A-45A0-9573-AF3E447379A6}.Debug|Any CPU.ActiveCfg = Debug|Any CPU
		{48289251-046A-45A0-9573-AF3E447379A6}.Debug|Any CPU.Build.0 = Debug|Any CPU
		{48289251-046A-45A0-9573-AF3E447379A6}.Release|Any CPU.ActiveCfg = Release|Any CPU
		{48289251-046A-45A0-9573-AF3E447379A6}.Release|Any CPU.Build.0 = Release|Any CPU
		{A6F8EBB8-E32A-4158-88D6-4BDEA82942EB}.Debug|Any CPU.ActiveCfg = Debug|Any CPU
		{A6F8EBB8-E32A-4158-88D6-4BDEA82942EB}.Debug|Any CPU.Build.0 = Debug|Any CPU
		{A6F8EBB8-E32A-4158-88D6-4BDEA82942EB}.Release|Any CPU.ActiveCfg = Release|Any CPU
		{A6F8EBB8-E32A-4158-88D6-4BDEA82942EB}.Release|Any CPU.Build.0 = Release|Any CPU
		{C6A33F35-CBD6-4276-B4C9-E20AA17A715A}.Debug|Any CPU.ActiveCfg = Debug|Any CPU
		{C6A33F35-CBD6-4276-B4C9-E20AA17A715A}.Debug|Any CPU.Build.0 = Debug|Any CPU
		{C6A33F35-CBD6-4276-B4C9-E20AA17A715A}.Release|Any CPU.ActiveCfg = Release|Any CPU
		{C6A33F35-CBD6-4276-B4C9-E20AA17A715A}.Release|Any CPU.Build.0 = Release|Any CPU
		{A8404487-BF54-4FC0-BFB7-3CDD100586B0}.Debug|Any CPU.ActiveCfg = Debug|Any CPU
		{A8404487-BF54-4FC0-BFB7-3CDD100586B0}.Debug|Any CPU.Build.0 = Debug|Any CPU
		{A8404487-BF54-4FC0-BFB7-3CDD100586B0}.Release|Any CPU.ActiveCfg = Release|Any CPU
		{A8404487-BF54-4FC0-BFB7-3CDD100586B0}.Release|Any CPU.Build.0 = Release|Any CPU
		{2B488418-0AF7-4DE4-9A8B-B43861EBB025}.Debug|Any CPU.ActiveCfg = Debug|Any CPU
		{2B488418-0AF7-4DE4-9A8B-B43861EBB025}.Debug|Any CPU.Build.0 = Debug|Any CPU
		{2B488418-0AF7-4DE4-9A8B-B43861EBB025}.Release|Any CPU.ActiveCfg = Release|Any CPU
		{2B488418-0AF7-4DE4-9A8B-B43861EBB025}.Release|Any CPU.Build.0 = Release|Any CPU
		{B5D6BB76-411C-3083-4D98-A15970257B17}.Debug|Any CPU.ActiveCfg = Debug|Any CPU
		{B5D6BB76-411C-3083-4D98-A15970257B17}.Debug|Any CPU.Build.0 = Debug|Any CPU
		{B5D6BB76-411C-3083-4D98-A15970257B17}.Release|Any CPU.ActiveCfg = Release|Any CPU
		{B5D6BB76-411C-3083-4D98-A15970257B17}.Release|Any CPU.Build.0 = Release|Any CPU
		{91F057F9-E866-4E88-9FE1-D1D1F770A306}.Debug|Any CPU.ActiveCfg = Debug|Any CPU
		{91F057F9-E866-4E88-9FE1-D1D1F770A306}.Debug|Any CPU.Build.0 = Debug|Any CPU
		{91F057F9-E866-4E88-9FE1-D1D1F770A306}.Release|Any CPU.ActiveCfg = Release|Any CPU
		{91F057F9-E866-4E88-9FE1-D1D1F770A306}.Release|Any CPU.Build.0 = Release|Any CPU
		{09CA92CA-D0C6-4EC2-A821-A37AA2D05F52}.Debug|Any CPU.ActiveCfg = Debug|Any CPU
		{09CA92CA-D0C6-4EC2-A821-A37AA2D05F52}.Debug|Any CPU.Build.0 = Debug|Any CPU
		{09CA92CA-D0C6-4EC2-A821-A37AA2D05F52}.Release|Any CPU.ActiveCfg = Release|Any CPU
		{09CA92CA-D0C6-4EC2-A821-A37AA2D05F52}.Release|Any CPU.Build.0 = Release|Any CPU
	EndGlobalSection
	GlobalSection(SolutionProperties) = preSolution
		HideSolutionNode = FALSE
	EndGlobalSection
	GlobalSection(NestedProjects) = preSolution
		{524E5240-2A32-4B31-8329-A6A3CB0ADC5F} = {E18861F9-FDA0-45AE-92FD-CA6FB4A02E36}
		{8581D51C-7311-41B0-A2C2-AE479F0844AF} = {524E5240-2A32-4B31-8329-A6A3CB0ADC5F}
		{8F525597-1FBA-476F-8FB7-70397910C126} = {B93F42B4-7405-402D-BE86-0940BD932412}
		{7F818319-AA94-4F81-B0F4-68A5D161228C} = {91E5AD39-7402-4D0A-BB0F-9B21C48283F9}
		{6DF0537C-8901-26A3-F93D-A50AFD62B83E} = {02EA681E-C7D8-13C7-8484-4AC65E1B71E8}
		{5873DF06-BBA7-B7B0-4103-F26E96428737} = {3DC520CC-855B-46B8-9679-752FA2F6A9AA}
		{AFB87CA1-C6F6-E60B-46CA-43A5FE94F623} = {1E286862-A454-4628-A7FC-68D369592C08}
		{2B488418-0AF7-4DE4-9A8B-B43861EBB025} = {02EA681E-C7D8-13C7-8484-4AC65E1B71E8}
		{B5D6BB76-411C-3083-4D98-A15970257B17} = {0FC1822F-7178-4AB2-9ECA-95A023A63A46}
		{91F057F9-E866-4E88-9FE1-D1D1F770A306} = {7334CF3C-8C38-431E-BE9B-1CAE648F60EB}
		{09CA92CA-D0C6-4EC2-A821-A37AA2D05F52} = {7334CF3C-8C38-431E-BE9B-1CAE648F60EB}
		{3ED7110A-2581-44CD-A215-9DE33593D0C8} = {E18861F9-FDA0-45AE-92FD-CA6FB4A02E36}
		{A8404487-BF54-4FC0-BFB7-3CDD100586B0} = {3ED7110A-2581-44CD-A215-9DE33593D0C8}
		{C6A33F35-CBD6-4276-B4C9-E20AA17A715A} = {3ED7110A-2581-44CD-A215-9DE33593D0C8}
		{A6F8EBB8-E32A-4158-88D6-4BDEA82942EB} = {3ED7110A-2581-44CD-A215-9DE33593D0C8}
		{4DFFDB6B-9505-4033-BBD6-09521229BF85} = {60740B31-4437-4B25-B266-E08E9CB793C2}
		{2AABCFF9-7539-40F5-B562-BBCF76E57E6B} = {60740B31-4437-4B25-B266-E08E9CB793C2}
		{2371704E-ABF8-9354-A4E6-438A74AD734D} = {4DFFDB6B-9505-4033-BBD6-09521229BF85}
		{A80B8953-B2DB-6562-9097-A701508C1416} = {4DFFDB6B-9505-4033-BBD6-09521229BF85}
		{48289251-046A-45A0-9573-AF3E447379A6} = {4DFFDB6B-9505-4033-BBD6-09521229BF85}
		{B1E58241-A026-4DF9-8EC6-7613CC309591} = {2AABCFF9-7539-40F5-B562-BBCF76E57E6B}
	EndGlobalSection
	GlobalSection(ExtensibilityGlobals) = postSolution
		SolutionGuid = {0B7E5C58-5DE8-4E43-BADC-70CFCD54D996}
	EndGlobalSection
EndGlobal
